# Strict third-party skills lock. Do not add an entry without externally
# verifiable license and audit evidence for the exact immutable revision/hash.
schema_version: 1
kind: third-party-skills-lock
skills:
  - id: agent-roster
    source: https://github.com/sunzhenkai/solo-skills
    revision: 56d3a812623ac5f5a598983d608a31538c5ef05c
    subdirectory: skills/agent-roster
    content_hash: 6fa7b67a1b2c4465a01d4c32165eb0282b1c88a5a9d919187a03dc6ccc9a4c1b
    license:
      spdx: MIT
      file: LICENSE
      hash: ded16afe54acf09ce96aaa211dc49f912a5d826a97edab6c83830ce5d9940c0e
    audit:
      status: approved
      date: '2026-09-30'
      tool: skills/skills-store/scripts/audit-skill.sh (source checkout)
      evidence: https://github.com/sunzhenkai/solo-skills/commit/56d3a812623ac5f5a598983d608a31538c5ef05c
  - id: agent-roster-flow
    source: https://github.com/sunzhenkai/solo-skills
    revision: 56d3a812623ac5f5a598983d608a31538c5ef05c
    subdirectory: skills/agent-roster-flow
    content_hash: 8918a75bac25d4465ef5f85e4818febc7511009ff8b0802ac0add05d5603cf38
    license:
      spdx: MIT
      file: LICENSE
      hash: ded16afe54acf09ce96aaa211dc49f912a5d826a97edab6c83830ce5d9940c0e
    audit:
      status: approved
      date: '2026-09-30'
      tool: skills/skills-store/scripts/audit-skill.sh (source checkout)
      evidence: https://github.com/sunzhenkai/solo-skills/commit/56d3a812623ac5f5a598983d608a31538c5ef05c
  - id: code-explore
    source: https://github.com/sunzhenkai/solo-skills
    revision: 56d3a812623ac5f5a598983d608a31538c5ef05c
    subdirectory: skills/code-explore
    content_hash: 15567dc06e9b66347c0e1456b5338424173926d987a226f03971cb6f55dbc2a8
    license:
      spdx: MIT
      file: LICENSE
      hash: ded16afe54acf09ce96aaa211dc49f912a5d826a97edab6c83830ce5d9940c0e
    audit:
      status: approved
      date: '2026-09-30'
      tool: skills/skills-store/scripts/audit-skill.sh (source checkout)
      evidence: https://github.com/sunzhenkai/solo-skills/commit/56d3a812623ac5f5a598983d608a31538c5ef05c
  - id: commit-push
    source: https://github.com/sunzhenkai/solo-skills
    revision: 56d3a812623ac5f5a598983d608a31538c5ef05c
    subdirectory: skills/commit-push
    content_hash: f8ddfac390cabc9ac686506daaa712aba63576db61647966c75d0ed176a42d0b
    license:
      spdx: MIT
      file: LICENSE
      hash: ded16afe54acf09ce96aaa211dc49f912a5d826a97edab6c83830ce5d9940c0e
    audit:
      status: approved
      date: '2026-09-30'
      tool: skills/skills-store/scripts/audit-skill.sh (source checkout)
      evidence: https://github.com/sunzhenkai/solo-skills/commit/56d3a812623ac5f5a598983d608a31538c5ef05c
  - id: task-delivery
    source: https://github.com/sunzhenkai/solo-skills
    revision: 56d3a812623ac5f5a598983d608a31538c5ef05c
    subdirectory: skills/task-delivery
    content_hash: 109decf87b0fc8d34eb56d778f03a7a3af038e1add82655bf5a2f6b2d566d79c
    license:
      spdx: MIT
      file: LICENSE
      hash: ded16afe54acf09ce96aaa211dc49f912a5d826a97edab6c83830ce5d9940c0e
    audit:
      status: approved
      date: '2026-09-30'
      tool: skills/skills-store/scripts/audit-skill.sh (source checkout)
      evidence: https://github.com/sunzhenkai/solo-skills/commit/56d3a812623ac5f5a598983d608a31538c5ef05c
  - id: lark-cli
    source: https://github.com/sunzhenkai/solo-skills
    revision: 56d3a812623ac5f5a598983d608a31538c5ef05c
    subdirectory: skills/lark-cli
    content_hash: 649a4781c06f29acf2ba5537fdbb71ede7b75f7d04b3a44b9b76dbd2c4baec22
    license:
      spdx: MIT
      file: LICENSE
      hash: ded16afe54acf09ce96aaa211dc49f912a5d826a97edab6c83830ce5d9940c0e
    audit:
      status: approved
      date: '2026-09-30'
      tool: skills/skills-store/scripts/audit-skill.sh (source checkout)
      evidence: https://github.com/sunzhenkai/solo-skills/commit/56d3a812623ac5f5a598983d608a31538c5ef05c
  - id: llm-wiki
    source: https://github.com/sunzhenkai/solo-skills
    revision: 56d3a812623ac5f5a598983d608a31538c5ef05c
    subdirectory: skills/llm-wiki
    content_hash: 621bf3a3a7f0d13dbe7a2c67bdab6e98d1f0989727e6dfc66802f2390b2e4209
    license:
      spdx: MIT
      file: LICENSE
      hash: ded16afe54acf09ce96aaa211dc49f912a5d826a97edab6c83830ce5d9940c0e
    audit:
      status: approved
      date: '2026-09-30'
      tool: skills/skills-store/scripts/audit-skill.sh (source checkout)
      evidence: https://github.com/sunzhenkai/solo-skills/commit/56d3a812623ac5f5a598983d608a31538c5ef05c
  - id: pretty-view-html
    source: https://github.com/sunzhenkai/solo-skills
    revision: 56d3a812623ac5f5a598983d608a31538c5ef05c
    subdirectory: skills/pretty-view-html
    content_hash: 27a5aaf948ddba9f78acc8891a95479262a8768ab5f6a470a353273e325d97f0
    license:
      spdx: MIT
      file: LICENSE
      hash: ded16afe54acf09ce96aaa211dc49f912a5d826a97edab6c83830ce5d9940c0e
    audit:
      status: approved
      date: '2026-09-30'
      tool: skills/skills-store/scripts/audit-skill.sh (source checkout)
      evidence: https://github.com/sunzhenkai/solo-skills/commit/56d3a812623ac5f5a598983d608a31538c5ef05c
  - id: project-init
    source: https://github.com/sunzhenkai/solo-skills
    revision: 56d3a812623ac5f5a598983d608a31538c5ef05c
    subdirectory: skills/project-init
    content_hash: 730f1ab2a8a69410f64596aaa100df2363706e7235a124030204794a80628d29
    license:
      spdx: MIT
      file: LICENSE
      hash: ded16afe54acf09ce96aaa211dc49f912a5d826a97edab6c83830ce5d9940c0e
    audit:
      status: approved
      date: '2026-09-30'
      tool: skills/skills-store/scripts/audit-skill.sh (source checkout)
      evidence: https://github.com/sunzhenkai/solo-skills/commit/56d3a812623ac5f5a598983d608a31538c5ef05c
  - id: project-spec-mirror
    source: https://github.com/sunzhenkai/solo-skills
    revision: 56d3a812623ac5f5a598983d608a31538c5ef05c
    subdirectory: skills/project-spec-mirror
    content_hash: 7914d17acb2b55ac8f30ab8a2840b64b6ea6c833dac60c1d390e6c4d419fbbc4
    license:
      spdx: MIT
      file: LICENSE
      hash: ded16afe54acf09ce96aaa211dc49f912a5d826a97edab6c83830ce5d9940c0e
    audit:
      status: approved
      date: '2026-09-30'
      tool: skills/skills-store/scripts/audit-skill.sh (source checkout)
      evidence: https://github.com/sunzhenkai/solo-skills/commit/56d3a812623ac5f5a598983d608a31538c5ef05c
  - id: repo-manager
    source: https://github.com/sunzhenkai/solo-skills
    revision: 56d3a812623ac5f5a598983d608a31538c5ef05c
    subdirectory: skills/repo-manager
    content_hash: 6f782093e7adacdb21fd01e23ec80382e6bbacb020bc16cbbef5a81b6bc2f8ae
    license:
      spdx: MIT
      file: LICENSE
      hash: ded16afe54acf09ce96aaa211dc49f912a5d826a97edab6c83830ce5d9940c0e
    audit:
      status: approved
      date: '2026-09-30'
      tool: skills/skills-store/scripts/audit-skill.sh (source checkout)
      evidence: https://github.com/sunzhenkai/solo-skills/commit/56d3a812623ac5f5a598983d608a31538c5ef05c
  - id: role-based-reviewer
    source: https://github.com/sunzhenkai/solo-skills
    revision: 56d3a812623ac5f5a598983d608a31538c5ef05c
    subdirectory: skills/role-based-reviewer
    content_hash: 501a1cbb737e1f14efb1af5c17798f3140fdb71ca96f99434c873c05d4fec5e1
    license:
      spdx: MIT
      file: LICENSE
      hash: ded16afe54acf09ce96aaa211dc49f912a5d826a97edab6c83830ce5d9940c0e
    audit:
      status: approved
      date: '2026-09-30'
      tool: skills/skills-store/scripts/audit-skill.sh (source checkout)
      evidence: https://github.com/sunzhenkai/solo-skills/commit/56d3a812623ac5f5a598983d608a31538c5ef05c
  - id: role-chat
    source: https://github.com/sunzhenkai/solo-skills
    revision: 56d3a812623ac5f5a598983d608a31538c5ef05c
    subdirectory: skills/role-chat
    content_hash: 77b09537154878dc83fa5fde070b72ad75b8a1b6273c5161afe3a3dcee85f2be
    license:
      spdx: MIT
      file: LICENSE
      hash: ded16afe54acf09ce96aaa211dc49f912a5d826a97edab6c83830ce5d9940c0e
    audit:
      status: approved
      date: '2026-09-30'
      tool: skills/skills-store/scripts/audit-skill.sh (source checkout)
      evidence: https://github.com/sunzhenkai/solo-skills/commit/56d3a812623ac5f5a598983d608a31538c5ef05c
  - id: service-manager
    source: https://github.com/sunzhenkai/solo-skills
    revision: 56d3a812623ac5f5a598983d608a31538c5ef05c
    subdirectory: skills/service-manager
    content_hash: 46fe330d012c6a8a54c6bc7862062e1b27fd9ede028802213fba2abcc9285c6a
    license:
      spdx: MIT
      file: LICENSE
      hash: ded16afe54acf09ce96aaa211dc49f912a5d826a97edab6c83830ce5d9940c0e
    audit:
      status: approved
      date: '2026-09-30'
      tool: skills/skills-store/scripts/audit-skill.sh (source checkout)
      evidence: https://github.com/sunzhenkai/solo-skills/commit/56d3a812623ac5f5a598983d608a31538c5ef05c
  - id: skill-evolver
    source: https://github.com/sunzhenkai/solo-skills
    revision: 56d3a812623ac5f5a598983d608a31538c5ef05c
    subdirectory: skills/skill-evolver
    content_hash: 3b601b7e96ebad815300c9dea1fcd004d30520c26368c929e61f226769ae2afe
    license:
      spdx: MIT
      file: LICENSE
      hash: ded16afe54acf09ce96aaa211dc49f912a5d826a97edab6c83830ce5d9940c0e
    audit:
      status: approved
      date: '2026-09-30'
      tool: skills/skills-store/scripts/audit-skill.sh (source checkout)
      evidence: https://github.com/sunzhenkai/solo-skills/commit/56d3a812623ac5f5a598983d608a31538c5ef05c
  - id: skill-upgrader
    source: https://github.com/sunzhenkai/solo-skills
    revision: 56d3a812623ac5f5a598983d608a31538c5ef05c
    subdirectory: skills/skill-upgrader
    content_hash: 32afd18ddeaff95caecca8ac28ea1004bf79d0eac229ba3569c5f74ee1d03edd
    license:
      spdx: MIT
      file: LICENSE
      hash: ded16afe54acf09ce96aaa211dc49f912a5d826a97edab6c83830ce5d9940c0e
    audit:
      status: approved
      date: '2026-09-30'
      tool: skills/skills-store/scripts/audit-skill.sh (source checkout)
      evidence: https://github.com/sunzhenkai/solo-skills/commit/56d3a812623ac5f5a598983d608a31538c5ef05c
  - id: skills-store
    source: https://github.com/sunzhenkai/solo-skills
    revision: 56d3a812623ac5f5a598983d608a31538c5ef05c
    subdirectory: skills/skills-store
    content_hash: 1ea2e59c3da2dd986784b10c2ce152d6e754b2251be25388950ec17099198190
    license:
      spdx: MIT
      file: LICENSE
      hash: ded16afe54acf09ce96aaa211dc49f912a5d826a97edab6c83830ce5d9940c0e
    audit:
      status: approved
      date: '2026-09-30'
      tool: skills/skills-store/scripts/audit-skill.sh (source checkout)
      evidence: https://github.com/sunzhenkai/solo-skills/commit/56d3a812623ac5f5a598983d608a31538c5ef05c
  - id: solo-code-review
    source: https://github.com/sunzhenkai/solo-skills
    revision: 56d3a812623ac5f5a598983d608a31538c5ef05c
    subdirectory: skills/solo-code-review
    content_hash: 65235e3272e3c6c7c106e3a6ef94b927221646bf7a7079f6c02430354395afb5
    license:
      spdx: MIT
      file: LICENSE
      hash: ded16afe54acf09ce96aaa211dc49f912a5d826a97edab6c83830ce5d9940c0e
    audit:
      status: approved
      date: '2026-09-30'
      tool: skills/skills-store/scripts/audit-skill.sh (source checkout)
      evidence: https://github.com/sunzhenkai/solo-skills/commit/56d3a812623ac5f5a598983d608a31538c5ef05c
  - id: task-explore
    source: https://github.com/sunzhenkai/solo-skills
    revision: 56d3a812623ac5f5a598983d608a31538c5ef05c
    subdirectory: skills/task-explore
    content_hash: 3c187581ac46d0ab82d2e0459021cea87f152b21eaedd5b629699dbf8bb3ba47
    license:
      spdx: MIT
      file: LICENSE
      hash: ded16afe54acf09ce96aaa211dc49f912a5d826a97edab6c83830ce5d9940c0e
    audit:
      status: approved
      date: '2026-09-30'
      tool: skills/skills-store/scripts/audit-skill.sh (source checkout)
      evidence: https://github.com/sunzhenkai/solo-skills/commit/56d3a812623ac5f5a598983d608a31538c5ef05c
  - id: task-goal
    source: https://github.com/sunzhenkai/solo-skills
    revision: 56d3a812623ac5f5a598983d608a31538c5ef05c
    subdirectory: skills/task-goal
    content_hash: a8e3692265a835b6a53b8730abbc4dc8a2f7e6dc5752f856a21bf870b9bb98b0
    license:
      spdx: MIT
      file: LICENSE
      hash: ded16afe54acf09ce96aaa211dc49f912a5d826a97edab6c83830ce5d9940c0e
    audit:
      status: approved
      date: '2026-09-30'
      tool: skills/skills-store/scripts/audit-skill.sh (source checkout)
      evidence: https://github.com/sunzhenkai/solo-skills/commit/56d3a812623ac5f5a598983d608a31538c5ef05c
  - id: taskflow
    source: https://github.com/sunzhenkai/solo-skills
    revision: 56d3a812623ac5f5a598983d608a31538c5ef05c
    subdirectory: skills/taskflow
    content_hash: 78eecadc7dadfad21cb1324a026acc34cb85cb68c7a05a711a9876660d5884a9
    license:
      spdx: MIT
      file: LICENSE
      hash: ded16afe54acf09ce96aaa211dc49f912a5d826a97edab6c83830ce5d9940c0e
    audit:
      status: approved
      date: '2026-09-30'
      tool: skills/skills-store/scripts/audit-skill.sh (source checkout)
      evidence: https://github.com/sunzhenkai/solo-skills/commit/56d3a812623ac5f5a598983d608a31538c5ef05c
  - id: task-wizard
    source: https://github.com/sunzhenkai/solo-skills
    revision: 56d3a812623ac5f5a598983d608a31538c5ef05c
    subdirectory: skills/task-wizard
    content_hash: 67565d3b2f6c53550b500f221f75ed79d38ffd957f3cf4a705fa21c23d7a7046
    license:
      spdx: MIT
      file: LICENSE
      hash: ded16afe54acf09ce96aaa211dc49f912a5d826a97edab6c83830ce5d9940c0e
    audit:
      status: approved
      date: '2026-09-30'
      tool: skills/skills-store/scripts/audit-skill.sh (source checkout)
      evidence: https://github.com/sunzhenkai/solo-skills/commit/56d3a812623ac5f5a598983d608a31538c5ef05c
  - id: trouble-grill
    source: https://github.com/sunzhenkai/solo-skills
    revision: 56d3a812623ac5f5a598983d608a31538c5ef05c
    subdirectory: skills/trouble-grill
    content_hash: 0a4829ae2d615b7d8e9d694ea8c257745372e32be9be637761c430a9b9ced247
    license:
      spdx: MIT
      file: LICENSE
      hash: ded16afe54acf09ce96aaa211dc49f912a5d826a97edab6c83830ce5d9940c0e
    audit:
      status: approved
      date: '2026-09-30'
      tool: skills/skills-store/scripts/audit-skill.sh (source checkout)
      evidence: https://github.com/sunzhenkai/solo-skills/commit/56d3a812623ac5f5a598983d608a31538c5ef05c
  - id: archify
    source: https://github.com/tt-a1i/archify
    revision: 69cf672087289033af5138648d3875d3d73fc431
    subdirectory: archify
    content_hash: 60160b36293e128aa8603934abc0f01d92f46ae00222f207c7eb2b4fef042db0
    license:
      spdx: MIT
      file: LICENSE
      hash: b799ab081703e7821ae5096d2c1abdf14bbdc75e8ea1c4045998c36ed6db9706
    audit:
      status: approved
      date: '2026-09-29'
      tool: ~/.agents/skills/skills-store/scripts/audit-skill.sh
      evidence: https://github.com/tt-a1i/archify/commit/69cf672087289033af5138648d3875d3d73fc431
  - id: code-review
    source: https://github.com/mattpocock/skills
    revision: d81f3a183412e71a5b1e84ca21bc1a35eea03a60
    subdirectory: skills/engineering/code-review
    content_hash: c7523926ab1b320d3815bee4d7e31d3a4b7e93ea7712a6f786635b40f8dfef61
    license:
      spdx: MIT
      file: LICENSE
      hash: 0e7ac423bf2c6e223b7c5b156f8cf72da49d748e56a1641402c31f22ad07dbb5
    audit:
      status: approved
      date: '2026-09-30'
      tool: ~/.agents/skills/skills-store/scripts/audit-skill.sh
      evidence: https://github.com/mattpocock/skills/commit/d81f3a183412e71a5b1e84ca21bc1a35eea03a60
  - id: codebase-design
    source: https://github.com/mattpocock/skills
    revision: d81f3a183412e71a5b1e84ca21bc1a35eea03a60
    subdirectory: skills/engineering/codebase-design
    content_hash: 7a0ecdd299abef321a8c25a8ab1ac909e0ddd2cd3b1fe8d12e6a0c5f444f6b22
    license:
      spdx: MIT
      file: LICENSE
      hash: 0e7ac423bf2c6e223b7c5b156f8cf72da49d748e56a1641402c31f22ad07dbb5
    audit:
      status: approved
      date: '2026-09-30'
      tool: ~/.agents/skills/skills-store/scripts/audit-skill.sh
      evidence: https://github.com/mattpocock/skills/commit/d81f3a183412e71a5b1e84ca21bc1a35eea03a60
  - id: diagnosing-bugs
    source: https://github.com/mattpocock/skills
    revision: d81f3a183412e71a5b1e84ca21bc1a35eea03a60
    subdirectory: skills/engineering/diagnosing-bugs
    content_hash: 2d8dddde8fe37e224ed2d96234f8d45eb8969e27e578157cc23fc15479fb5dc2
    license:
      spdx: MIT
      file: LICENSE
      hash: 0e7ac423bf2c6e223b7c5b156f8cf72da49d748e56a1641402c31f22ad07dbb5
    audit:
      status: approved
      date: '2026-09-30'
      tool: ~/.agents/skills/skills-store/scripts/audit-skill.sh
      evidence: https://github.com/mattpocock/skills/commit/d81f3a183412e71a5b1e84ca21bc1a35eea03a60
  - id: domain-modeling
    source: https://github.com/mattpocock/skills
    revision: d81f3a183412e71a5b1e84ca21bc1a35eea03a60
    subdirectory: skills/engineering/domain-modeling
    content_hash: d7fa7f6593bffc93bd229b698ec6ccd392e541fb99ade48dee717541d06a651c
    license:
      spdx: MIT
      file: LICENSE
      hash: 0e7ac423bf2c6e223b7c5b156f8cf72da49d748e56a1641402c31f22ad07dbb5
    audit:
      status: approved
      date: '2026-09-30'
      tool: ~/.agents/skills/skills-store/scripts/audit-skill.sh
      evidence: https://github.com/mattpocock/skills/commit/d81f3a183412e71a5b1e84ca21bc1a35eea03a60
  - id: frontend-slides
    source: https://github.com/zarazhangrui/frontend-slides
    revision: 9906a34d640d2111f724544cbc50f7f130569ae1
    subdirectory: plugins/frontend-slides/skills/frontend-slides
    content_hash: d883c9a76d34ba943acccc2a28eb53c912d9558aac52f637886e402354936630
    license:
      spdx: MIT
      file: LICENSE
      hash: 62928eb197fe4662d1efc3af0735b3ba5df3c0308badd9a2baf2b619009f5366
    audit:
      status: approved
      date: '2026-09-18'
      tool: agents/skills/skills-store/scripts/audit-skill.sh
      evidence: https://github.com/zarazhangrui/frontend-slides/commit/9906a34d640d2111f724544cbc50f7f130569ae1
  - id: grill-with-docs
    source: https://github.com/mattpocock/skills
    revision: d81f3a183412e71a5b1e84ca21bc1a35eea03a60
    subdirectory: skills/engineering/grill-with-docs
    content_hash: 2842b0f4d49e3cf459695fcc6edb53f6e5b4b0684294549c795a22d595ab3c28
    license:
      spdx: MIT
      file: LICENSE
      hash: 0e7ac423bf2c6e223b7c5b156f8cf72da49d748e56a1641402c31f22ad07dbb5
    audit:
      status: approved
      date: '2026-09-30'
      tool: ~/.agents/skills/skills-store/scripts/audit-skill.sh
      evidence: https://github.com/mattpocock/skills/commit/d81f3a183412e71a5b1e84ca21bc1a35eea03a60
  - id: grilling
    source: https://github.com/mattpocock/skills
    revision: d81f3a183412e71a5b1e84ca21bc1a35eea03a60
    subdirectory: skills/productivity/grilling
    content_hash: 51d13d5ecbc3e368eb6f0b1a81c169242671c50352425a740c863ac97473d0e2
    license:
      spdx: MIT
      file: LICENSE
      hash: 0e7ac423bf2c6e223b7c5b156f8cf72da49d748e56a1641402c31f22ad07dbb5
    audit:
      status: approved
      date: '2026-09-30'
      tool: ~/.agents/skills/skills-store/scripts/audit-skill.sh
      evidence: https://github.com/mattpocock/skills/commit/d81f3a183412e71a5b1e84ca21bc1a35eea03a60
  - id: implement
    source: https://github.com/mattpocock/skills
    revision: d81f3a183412e71a5b1e84ca21bc1a35eea03a60
    subdirectory: skills/engineering/implement
    content_hash: 80f5699354ad9f1379af4499681e7b4ba6e43e4320e98192fb0a5c201367a8a6
    license:
      spdx: MIT
      file: LICENSE
      hash: 0e7ac423bf2c6e223b7c5b156f8cf72da49d748e56a1641402c31f22ad07dbb5
    audit:
      status: approved
      date: '2026-09-30'
      tool: ~/.agents/skills/skills-store/scripts/audit-skill.sh
      evidence: https://github.com/mattpocock/skills/commit/d81f3a183412e71a5b1e84ca21bc1a35eea03a60
  - id: research
    source: https://github.com/mattpocock/skills
    revision: d81f3a183412e71a5b1e84ca21bc1a35eea03a60
    subdirectory: skills/engineering/research
    content_hash: 6c7a5e295a901fa6fa46096962530b652d836a34a8ae5cba1de041326ce41d03
    license:
      spdx: MIT
      file: LICENSE
      hash: 0e7ac423bf2c6e223b7c5b156f8cf72da49d748e56a1641402c31f22ad07dbb5
    audit:
      status: approved
      date: '2026-09-30'
      tool: ~/.agents/skills/skills-store/scripts/audit-skill.sh
      evidence: https://github.com/mattpocock/skills/commit/d81f3a183412e71a5b1e84ca21bc1a35eea03a60
  - id: senv-cli
    source: https://github.com/solo-kingdom/senv
    revision: a48fc3f6a53081111d5ce5c7c574d245312f7f47
    subdirectory: .agents/skills/senv-cli
    content_hash: d4bdc053f45193b9fde3488c89421681a3c840edcf9e112df711513616e07c9c
    license:
      spdx: MIT
      file: LICENSE
      hash: ded16afe54acf09ce96aaa211dc49f912a5d826a97edab6c83830ce5d9940c0e
    audit:
      status: approved
      date: '2026-09-28'
      tool: agents/skills/skills-store/scripts/audit-skill.sh
      evidence: https://github.com/solo-kingdom/senv/commit/a48fc3f6a53081111d5ce5c7c574d245312f7f47
  - id: setup-matt-pocock-skills
    source: https://github.com/mattpocock/skills
    revision: d81f3a183412e71a5b1e84ca21bc1a35eea03a60
    subdirectory: skills/engineering/setup-matt-pocock-skills
    content_hash: 30e90d7ecfc4d179dc630a870e36239b629832dd04553233885d9b3210373829
    license:
      spdx: MIT
      file: LICENSE
      hash: 0e7ac423bf2c6e223b7c5b156f8cf72da49d748e56a1641402c31f22ad07dbb5
    audit:
      status: approved
      date: '2026-09-30'
      tool: ~/.agents/skills/skills-store/scripts/audit-skill.sh
      evidence: https://github.com/mattpocock/skills/commit/d81f3a183412e71a5b1e84ca21bc1a35eea03a60
  - id: show-me
    source: https://github.com/humanlayer/skills
    revision: ca7c8088db69e315a8b2deea43820270457f8f3c
    subdirectory: plugins/show-me/skills/show-me
    content_hash: 3dd60ed962365f1f6b9f84fddd00957c1d89cb0359aaf29eff83c29c556aa49c
    license:
      spdx: MIT
      file: LICENSE
      hash: 5f13c18ea00ea5c1384f41745feeca774079164f7f59a92e4ac0899ad217b26f
    audit:
      status: approved
      date: '2026-09-23'
      tool: agents/skills/skills-store/scripts/audit-skill.sh
      evidence: https://github.com/humanlayer/skills/commit/ca7c8088db69e315a8b2deea43820270457f8f3c
  - id: taste-skill
    source: https://github.com/Leonxlnx/taste-skill
    revision: ce26fc25c0e5e8cab638f883de62d9a86ee5e45b
    subdirectory: skills/taste-skill
    content_hash: 7cd7bc7086b74e25028d0757cdc1bd1fe240bed6660549f5a517ad22016abef2
    license:
      spdx: MIT
      file: LICENSE
      hash: 4575a543ab88dad12ccea7d97e563d0bce5b448b06072e65d3264497dad326df
    audit:
      status: approved
      date: '2026-09-28'
      tool: agents/skills/skills-store/scripts/audit-skill.sh
      evidence: https://github.com/Leonxlnx/taste-skill/commit/ce26fc25c0e5e8cab638f883de62d9a86ee5e45b
  - id: tdd
    source: https://github.com/mattpocock/skills
    revision: d81f3a183412e71a5b1e84ca21bc1a35eea03a60
    subdirectory: skills/engineering/tdd
    content_hash: 7da6bcd7f24eec11811714ef0f98722593754daae1c57f782ee3dc165ed9cef7
    license:
      spdx: MIT
      file: LICENSE
      hash: 0e7ac423bf2c6e223b7c5b156f8cf72da49d748e56a1641402c31f22ad07dbb5
    audit:
      status: approved
      date: '2026-09-30'
      tool: ~/.agents/skills/skills-store/scripts/audit-skill.sh
      evidence: https://github.com/mattpocock/skills/commit/d81f3a183412e71a5b1e84ca21bc1a35eea03a60
  - id: to-questionnaire
    source: https://github.com/mattpocock/skills
    revision: d81f3a183412e71a5b1e84ca21bc1a35eea03a60
    subdirectory: skills/productivity/to-questionnaire
    content_hash: 8daca48cb94a8a4b6b27e9dc67a60f3456d23992a730249e3304e598575a6e07
    license:
      spdx: MIT
      file: LICENSE
      hash: 0e7ac423bf2c6e223b7c5b156f8cf72da49d748e56a1641402c31f22ad07dbb5
    audit:
      status: approved
      date: '2026-09-30'
      tool: ~/.agents/skills/skills-store/scripts/audit-skill.sh
      evidence: https://github.com/mattpocock/skills/commit/d81f3a183412e71a5b1e84ca21bc1a35eea03a60
  - id: to-spec
    source: https://github.com/mattpocock/skills
    revision: d81f3a183412e71a5b1e84ca21bc1a35eea03a60
    subdirectory: skills/engineering/to-spec
    content_hash: a0b74dac7279f8ebc05c7fc9e828653dc68383e687052a8fcdc55b235b8e3b13
    license:
      spdx: MIT
      file: LICENSE
      hash: 0e7ac423bf2c6e223b7c5b156f8cf72da49d748e56a1641402c31f22ad07dbb5
    audit:
      status: approved
      date: '2026-09-30'
      tool: ~/.agents/skills/skills-store/scripts/audit-skill.sh
      evidence: https://github.com/mattpocock/skills/commit/d81f3a183412e71a5b1e84ca21bc1a35eea03a60
  - id: to-tickets
    source: https://github.com/mattpocock/skills
    revision: d81f3a183412e71a5b1e84ca21bc1a35eea03a60
    subdirectory: skills/engineering/to-tickets
    content_hash: c9e569b5804c7fb69fa8c331a09d46fb42bfa566b36753173af5742e69f3828c
    license:
      spdx: MIT
      file: LICENSE
      hash: 0e7ac423bf2c6e223b7c5b156f8cf72da49d748e56a1641402c31f22ad07dbb5
    audit:
      status: approved
      date: '2026-09-30'
      tool: ~/.agents/skills/skills-store/scripts/audit-skill.sh
      evidence: https://github.com/mattpocock/skills/commit/d81f3a183412e71a5b1e84ca21bc1a35eea03a60
  - id: ui-template-apply
    source: https://github.com/sunzhenkai/ui-templates-skill
    revision: 3d5fc437edc4d177b52f036a9b424c6f9162368b
    subdirectory: skills/ui-template-apply
    content_hash: 882a79bf0b5273b7654125bbed901431533f737bf7a3de4de87e2dff7c43df49
    license:
      spdx: MIT
      file: LICENSE
      hash: ded16afe54acf09ce96aaa211dc49f912a5d826a97edab6c83830ce5d9940c0e
    audit:
      status: approved
      date: '2026-09-30'
      tool: ~/.agents/skills/skills-store/scripts/audit-skill.sh
      evidence: https://github.com/sunzhenkai/ui-templates-skill/commit/3d5fc437edc4d177b52f036a9b424c6f9162368b
  - id: ui-template-author
    source: https://github.com/sunzhenkai/ui-templates-skill
    revision: 0d94a51f4f8e685ad45f3979a278a5130710424a
    subdirectory: skills/ui-template-author
    content_hash: bbaf418b21ea8305cfb83b897a87763256edb62f2d3c8a861b5a86726cb7c334
    license:
      spdx: MIT
      file: LICENSE
      hash: ded16afe54acf09ce96aaa211dc49f912a5d826a97edab6c83830ce5d9940c0e
    audit:
      status: approved
      date: '2026-09-29'
      tool: ~/.agents/skills/skills-store/scripts/audit-skill.sh
      evidence: https://github.com/sunzhenkai/ui-templates-skill/commit/0d94a51f4f8e685ad45f3979a278a5130710424a
  - id: wait-what
    source: https://github.com/mattpocock/skills
    revision: d81f3a183412e71a5b1e84ca21bc1a35eea03a60
    subdirectory: skills/productivity/wait-what
    content_hash: 001a93725419e3e064457eca558cb7bee4829b595065206f0f2f3a56ac846bbe
    license:
      spdx: MIT
      file: LICENSE
      hash: 0e7ac423bf2c6e223b7c5b156f8cf72da49d748e56a1641402c31f22ad07dbb5
    audit:
      status: approved
      date: '2026-09-30'
      tool: ~/.agents/skills/skills-store/scripts/audit-skill.sh
      evidence: https://github.com/mattpocock/skills/commit/d81f3a183412e71a5b1e84ca21bc1a35eea03a60
  - id: wayfinder
    source: https://github.com/mattpocock/skills
    revision: d81f3a183412e71a5b1e84ca21bc1a35eea03a60
    subdirectory: skills/engineering/wayfinder
    content_hash: fe62f47339d643d28d58cef55d12e62a6479dc748b714e9dde4f70820c98df4c
    license:
      spdx: MIT
      file: LICENSE
      hash: 0e7ac423bf2c6e223b7c5b156f8cf72da49d748e56a1641402c31f22ad07dbb5
    audit:
      status: approved
      date: '2026-09-30'
      tool: ~/.agents/skills/skills-store/scripts/audit-skill.sh
      evidence: https://github.com/mattpocock/skills/commit/d81f3a183412e71a5b1e84ca21bc1a35eea03a60
  - id: wizard
    source: https://github.com/mattpocock/skills
    revision: d81f3a183412e71a5b1e84ca21bc1a35eea03a60
    subdirectory: skills/engineering/wizard
    content_hash: 519dd4516185a5046baa21028eae28d29b0c67a77ac3e3c26d687c00b5cfa3db
    license:
      spdx: MIT
      file: LICENSE
      hash: 0e7ac423bf2c6e223b7c5b156f8cf72da49d748e56a1641402c31f22ad07dbb5
    audit:
      status: approved
      date: '2026-09-30'
      tool: ~/.agents/skills/skills-store/scripts/audit-skill.sh
      evidence: https://github.com/mattpocock/skills/commit/d81f3a183412e71a5b1e84ca21bc1a35eea03a60
  - id: writing-for-agents
    source: https://github.com/mattpocock/skills
    revision: d81f3a183412e71a5b1e84ca21bc1a35eea03a60
    subdirectory: skills/productivity/writing-for-agents
    content_hash: 882629766494790a0088797e59751bf9ae91d0dc82be5edc112f53052ca6a05c
    license:
      spdx: MIT
      file: LICENSE
      hash: 0e7ac423bf2c6e223b7c5b156f8cf72da49d748e56a1641402c31f22ad07dbb5
    audit:
      status: approved
      date: '2026-09-30'
      tool: ~/.agents/skills/skills-store/scripts/audit-skill.sh
      evidence: https://github.com/mattpocock/skills/commit/d81f3a183412e71a5b1e84ca21bc1a35eea03a60
  - id: ui-template-design
    source: https://github.com/sunzhenkai/ui-templates-skill
    revision: 3d5fc437edc4d177b52f036a9b424c6f9162368b
    subdirectory: skills/ui-template-design
    content_hash: 31b3ab1b5095ca922dce20d02fc08451526ede8c98aef54ba334c6e15bf0ab7a
    license:
      spdx: MIT
      file: LICENSE
      hash: ded16afe54acf09ce96aaa211dc49f912a5d826a97edab6c83830ce5d9940c0e
    audit:
      status: approved
      date: '2026-09-30'
      tool: ~/.agents/skills/skills-store/scripts/audit-skill.sh
      evidence: https://github.com/sunzhenkai/ui-templates-skill/commit/3d5fc437edc4d177b52f036a9b424c6f9162368b
  - id: ui-skills-root
    source: https://github.com/ibelick/ui-skills
    revision: dc7ab3209341b2075c495983899b11f6d204e41b
    subdirectory: skills/ui-skills-root
    content_hash: 61016c98036a78ba25ca4788390f47a0c0a06386763fe0c773713336f4d8cb0c
    license:
      spdx: MIT
      file: LICENSE
      hash: c615621c4cc1676ccde194e7a01b6469ba477780251bd71e007fc473a49c2c2b
    audit:
      status: approved
      date: '2026-09-29'
      tool: ~/.agents/skills/skills-store/scripts/audit-skill.sh
      evidence: https://github.com/ibelick/ui-skills/commit/dc7ab3209341b2075c495983899b11f6d204e41b
