# Strict third-party skills lock. Do not add an entry without externally
# verifiable license and audit evidence for the exact immutable revision/hash.
schema_version: 1
kind: third-party-skills-lock
skills:
  - id: agent-roster
    source: https://github.com/sunzhenkai/agent-roster
    revision: 671fcc19306fa9193cad9e55fce3eba53df4c395
    subdirectory: skills/agent-roster
    content_hash: a8bfdc5a283a8b4c8a2721301a0303eacdaafde8bc2fe93ba9973077bedeceb2
    license:
      spdx: MIT
      file: LICENSE
      hash: ded16afe54acf09ce96aaa211dc49f912a5d826a97edab6c83830ce5d9940c0e
    audit:
      status: approved
      date: '2026-09-23'
      tool: agents/skills/skills-store/scripts/audit-skill.sh
      evidence: https://github.com/sunzhenkai/agent-roster/commit/671fcc19306fa9193cad9e55fce3eba53df4c395
  - id: archify
    source: https://github.com/tt-a1i/archify
    revision: 1bb61c69538e37d80793b25843f620e55469f3a2
    subdirectory: archify
    content_hash: 6b393eb730afbf6b38eb0d0149609c15f942d145f0f923fc014a7551b5c966f7
    license:
      spdx: MIT
      file: LICENSE
      hash: b799ab081703e7821ae5096d2c1abdf14bbdc75e8ea1c4045998c36ed6db9706
    audit:
      status: approved
      date: '2026-09-23'
      tool: agents/skills/skills-store/scripts/audit-skill.sh
      evidence: https://github.com/tt-a1i/archify/commit/1bb61c69538e37d80793b25843f620e55469f3a2
  - id: code-review
    source: https://github.com/mattpocock/skills
    revision: c55ee46073ed923f86ce59a5eb3b6d895095d1b7
    subdirectory: skills/engineering/code-review
    content_hash: c7523926ab1b320d3815bee4d7e31d3a4b7e93ea7712a6f786635b40f8dfef61
    license:
      spdx: MIT
      file: LICENSE
      hash: 0e7ac423bf2c6e223b7c5b156f8cf72da49d748e56a1641402c31f22ad07dbb5
    audit:
      status: approved
      date: '2026-09-20'
      tool: agents/skills/skills-store/scripts/audit-skill.sh
      evidence: https://github.com/mattpocock/skills/commit/c55ee46073ed923f86ce59a5eb3b6d895095d1b7
  - id: codebase-design
    source: https://github.com/mattpocock/skills
    revision: c55ee46073ed923f86ce59a5eb3b6d895095d1b7
    subdirectory: skills/engineering/codebase-design
    content_hash: c6ea288747dc1e127a029e885cdcb6cf87730783c9dae41b8d0d382f4b2fc62a
    license:
      spdx: MIT
      file: LICENSE
      hash: 0e7ac423bf2c6e223b7c5b156f8cf72da49d748e56a1641402c31f22ad07dbb5
    audit:
      status: approved
      date: '2026-09-20'
      tool: agents/skills/skills-store/scripts/audit-skill.sh
      evidence: https://github.com/mattpocock/skills/commit/c55ee46073ed923f86ce59a5eb3b6d895095d1b7
  - id: diagnosing-bugs
    source: https://github.com/mattpocock/skills
    revision: c55ee46073ed923f86ce59a5eb3b6d895095d1b7
    subdirectory: skills/engineering/diagnosing-bugs
    content_hash: 88f1f1f73ff6d4d9b314c63b24db5e64159617f02c9b49dabfe7dbf3b0393914
    license:
      spdx: MIT
      file: LICENSE
      hash: 0e7ac423bf2c6e223b7c5b156f8cf72da49d748e56a1641402c31f22ad07dbb5
    audit:
      status: approved
      date: '2026-09-20'
      tool: agents/skills/skills-store/scripts/audit-skill.sh
      evidence: https://github.com/mattpocock/skills/commit/c55ee46073ed923f86ce59a5eb3b6d895095d1b7
  - id: domain-modeling
    source: https://github.com/mattpocock/skills
    revision: c55ee46073ed923f86ce59a5eb3b6d895095d1b7
    subdirectory: skills/engineering/domain-modeling
    content_hash: 449a3f7d0695c1396a5e3d78c50d03c7dd7e1586ceb759d5acc8d6f6b8c3d32d
    license:
      spdx: MIT
      file: LICENSE
      hash: 0e7ac423bf2c6e223b7c5b156f8cf72da49d748e56a1641402c31f22ad07dbb5
    audit:
      status: approved
      date: '2026-09-20'
      tool: agents/skills/skills-store/scripts/audit-skill.sh
      evidence: https://github.com/mattpocock/skills/commit/c55ee46073ed923f86ce59a5eb3b6d895095d1b7
  - id: frontend-slides
    source: https://github.com/zarazhangrui/frontend-slides
    revision: 9906a34d640d2111f724544cbc50f7f130569ae1
    subdirectory: plugins/frontend-slides/skills/frontend-slides
    content_hash: d883c9a76d34ba943acccc2a28eb53c912d9558aac52f637886e402354936630
    license:
      spdx: MIT
      file: LICENSE
      hash: 62928eb197fe4662d1efc3af0735b3ba5df3c0308badd9a2baf2b619009f5366
    audit:
      status: approved
      date: '2026-09-18'
      tool: agents/skills/skills-store/scripts/audit-skill.sh
      evidence: https://github.com/zarazhangrui/frontend-slides/commit/9906a34d640d2111f724544cbc50f7f130569ae1
  - id: grill-with-docs
    source: https://github.com/mattpocock/skills
    revision: c55ee46073ed923f86ce59a5eb3b6d895095d1b7
    subdirectory: skills/engineering/grill-with-docs
    content_hash: 2842b0f4d49e3cf459695fcc6edb53f6e5b4b0684294549c795a22d595ab3c28
    license:
      spdx: MIT
      file: LICENSE
      hash: 0e7ac423bf2c6e223b7c5b156f8cf72da49d748e56a1641402c31f22ad07dbb5
    audit:
      status: approved
      date: '2026-09-20'
      tool: agents/skills/skills-store/scripts/audit-skill.sh
      evidence: https://github.com/mattpocock/skills/commit/c55ee46073ed923f86ce59a5eb3b6d895095d1b7
  - id: grilling
    source: https://github.com/mattpocock/skills
    revision: c55ee46073ed923f86ce59a5eb3b6d895095d1b7
    subdirectory: skills/productivity/grilling
    content_hash: 51d13d5ecbc3e368eb6f0b1a81c169242671c50352425a740c863ac97473d0e2
    license:
      spdx: MIT
      file: LICENSE
      hash: 0e7ac423bf2c6e223b7c5b156f8cf72da49d748e56a1641402c31f22ad07dbb5
    audit:
      status: approved
      date: '2026-09-20'
      tool: agents/skills/skills-store/scripts/audit-skill.sh
      evidence: https://github.com/mattpocock/skills/commit/c55ee46073ed923f86ce59a5eb3b6d895095d1b7
  - id: implement
    source: https://github.com/mattpocock/skills
    revision: c55ee46073ed923f86ce59a5eb3b6d895095d1b7
    subdirectory: skills/engineering/implement
    content_hash: 80f5699354ad9f1379af4499681e7b4ba6e43e4320e98192fb0a5c201367a8a6
    license:
      spdx: MIT
      file: LICENSE
      hash: 0e7ac423bf2c6e223b7c5b156f8cf72da49d748e56a1641402c31f22ad07dbb5
    audit:
      status: approved
      date: '2026-09-20'
      tool: agents/skills/skills-store/scripts/audit-skill.sh
      evidence: https://github.com/mattpocock/skills/commit/c55ee46073ed923f86ce59a5eb3b6d895095d1b7
  - id: research
    source: https://github.com/mattpocock/skills
    revision: c55ee46073ed923f86ce59a5eb3b6d895095d1b7
    subdirectory: skills/engineering/research
    content_hash: 6c7a5e295a901fa6fa46096962530b652d836a34a8ae5cba1de041326ce41d03
    license:
      spdx: MIT
      file: LICENSE
      hash: 0e7ac423bf2c6e223b7c5b156f8cf72da49d748e56a1641402c31f22ad07dbb5
    audit:
      status: approved
      date: '2026-09-20'
      tool: agents/skills/skills-store/scripts/audit-skill.sh
      evidence: https://github.com/mattpocock/skills/commit/c55ee46073ed923f86ce59a5eb3b6d895095d1b7
  - id: senv-cli
    source: https://github.com/solo-kingdom/senv
    revision: d2e32883748efa4ba2ead623fa8295ad2e0a13e6
    subdirectory: .agents/skills/senv-cli
    content_hash: 228c3dc8a4715e83d7d39bc600da9587d583bfc9aa8f9c913fdbfa07cb299de7
    license:
      spdx: MIT
      file: LICENSE
      hash: ded16afe54acf09ce96aaa211dc49f912a5d826a97edab6c83830ce5d9940c0e
    audit:
      status: approved
      date: '2026-09-23'
      tool: agents/skills/skills-store/scripts/audit-skill.sh
      evidence: https://github.com/solo-kingdom/senv/commit/d2e32883748efa4ba2ead623fa8295ad2e0a13e6
  - id: setup-matt-pocock-skills
    source: https://github.com/mattpocock/skills
    revision: c55ee46073ed923f86ce59a5eb3b6d895095d1b7
    subdirectory: skills/engineering/setup-matt-pocock-skills
    content_hash: 81c93b3066208f028337ce5c0861f8ad9564175d39134760c6ed1850a7e87096
    license:
      spdx: MIT
      file: LICENSE
      hash: 0e7ac423bf2c6e223b7c5b156f8cf72da49d748e56a1641402c31f22ad07dbb5
    audit:
      status: approved
      date: '2026-09-20'
      tool: agents/skills/skills-store/scripts/audit-skill.sh
      evidence: https://github.com/mattpocock/skills/commit/c55ee46073ed923f86ce59a5eb3b6d895095d1b7
  - id: show-me
    source: https://github.com/humanlayer/skills
    revision: ca7c8088db69e315a8b2deea43820270457f8f3c
    subdirectory: plugins/show-me/skills/show-me
    content_hash: 3dd60ed962365f1f6b9f84fddd00957c1d89cb0359aaf29eff83c29c556aa49c
    license:
      spdx: MIT
      file: LICENSE
      hash: 5f13c18ea00ea5c1384f41745feeca774079164f7f59a92e4ac0899ad217b26f
    audit:
      status: approved
      date: '2026-09-23'
      tool: agents/skills/skills-store/scripts/audit-skill.sh
      evidence: https://github.com/humanlayer/skills/commit/ca7c8088db69e315a8b2deea43820270457f8f3c
  - id: taste-skill
    source: https://github.com/Leonxlnx/taste-skill
    revision: a6153b39e495b8d62666f33f6a7019fcba3b777f
    subdirectory: skills/taste-skill
    content_hash: 7cd7bc7086b74e25028d0757cdc1bd1fe240bed6660549f5a517ad22016abef2
    license:
      spdx: MIT
      file: LICENSE
      hash: 4575a543ab88dad12ccea7d97e563d0bce5b448b06072e65d3264497dad326df
    audit:
      status: approved
      date: '2026-09-23'
      tool: agents/skills/skills-store/scripts/audit-skill.sh
      evidence: https://github.com/Leonxlnx/taste-skill/commit/a6153b39e495b8d62666f33f6a7019fcba3b777f
  - id: tdd
    source: https://github.com/mattpocock/skills
    revision: c55ee46073ed923f86ce59a5eb3b6d895095d1b7
    subdirectory: skills/engineering/tdd
    content_hash: 33c4cb4907d61dc40fec09d43bced7751c0c57016e611ef737126b8a412c5a57
    license:
      spdx: MIT
      file: LICENSE
      hash: 0e7ac423bf2c6e223b7c5b156f8cf72da49d748e56a1641402c31f22ad07dbb5
    audit:
      status: approved
      date: '2026-09-20'
      tool: agents/skills/skills-store/scripts/audit-skill.sh
      evidence: https://github.com/mattpocock/skills/commit/c55ee46073ed923f86ce59a5eb3b6d895095d1b7
  - id: to-questionnaire
    source: https://github.com/mattpocock/skills
    revision: c55ee46073ed923f86ce59a5eb3b6d895095d1b7
    subdirectory: skills/productivity/to-questionnaire
    content_hash: 8daca48cb94a8a4b6b27e9dc67a60f3456d23992a730249e3304e598575a6e07
    license:
      spdx: MIT
      file: LICENSE
      hash: 0e7ac423bf2c6e223b7c5b156f8cf72da49d748e56a1641402c31f22ad07dbb5
    audit:
      status: approved
      date: '2026-09-20'
      tool: agents/skills/skills-store/scripts/audit-skill.sh
      evidence: https://github.com/mattpocock/skills/commit/c55ee46073ed923f86ce59a5eb3b6d895095d1b7
  - id: to-spec
    source: https://github.com/mattpocock/skills
    revision: c55ee46073ed923f86ce59a5eb3b6d895095d1b7
    subdirectory: skills/engineering/to-spec
    content_hash: a0b74dac7279f8ebc05c7fc9e828653dc68383e687052a8fcdc55b235b8e3b13
    license:
      spdx: MIT
      file: LICENSE
      hash: 0e7ac423bf2c6e223b7c5b156f8cf72da49d748e56a1641402c31f22ad07dbb5
    audit:
      status: approved
      date: '2026-09-20'
      tool: agents/skills/skills-store/scripts/audit-skill.sh
      evidence: https://github.com/mattpocock/skills/commit/c55ee46073ed923f86ce59a5eb3b6d895095d1b7
  - id: to-tickets
    source: https://github.com/mattpocock/skills
    revision: c55ee46073ed923f86ce59a5eb3b6d895095d1b7
    subdirectory: skills/engineering/to-tickets
    content_hash: c9e569b5804c7fb69fa8c331a09d46fb42bfa566b36753173af5742e69f3828c
    license:
      spdx: MIT
      file: LICENSE
      hash: 0e7ac423bf2c6e223b7c5b156f8cf72da49d748e56a1641402c31f22ad07dbb5
    audit:
      status: approved
      date: '2026-09-20'
      tool: agents/skills/skills-store/scripts/audit-skill.sh
      evidence: https://github.com/mattpocock/skills/commit/c55ee46073ed923f86ce59a5eb3b6d895095d1b7
  - id: ui-template-apply
    source: https://github.com/sunzhenkai/ui-templates-skill
    revision: 5fe5adaffd8917c46a7214968ffc3fac8dac30f8
    subdirectory: skills/ui-template-apply
    content_hash: b7074b0b3fc84f42fd0a575b6ceb58e3107d5c5e5ce8ca2f32fdee69ab9daee5
    license:
      spdx: MIT
      file: LICENSE
      hash: ded16afe54acf09ce96aaa211dc49f912a5d826a97edab6c83830ce5d9940c0e
    audit:
      status: approved
      date: '2026-09-21'
      tool: agents/skills/skills-store/scripts/audit-skill.sh
      evidence: https://github.com/sunzhenkai/ui-templates-skill/commit/5fe5adaffd8917c46a7214968ffc3fac8dac30f8
  - id: ui-template-author
    source: https://github.com/sunzhenkai/ui-templates-skill
    revision: 5fe5adaffd8917c46a7214968ffc3fac8dac30f8
    subdirectory: skills/ui-template-author
    content_hash: ad2d0ad3e18e8f2f0bde72c1f2dcc77f8a495dd60e391661a6293708d4719db4
    license:
      spdx: MIT
      file: LICENSE
      hash: ded16afe54acf09ce96aaa211dc49f912a5d826a97edab6c83830ce5d9940c0e
    audit:
      status: approved
      date: '2026-09-21'
      tool: agents/skills/skills-store/scripts/audit-skill.sh
      evidence: https://github.com/sunzhenkai/ui-templates-skill/commit/5fe5adaffd8917c46a7214968ffc3fac8dac30f8
  - id: wait-what
    source: https://github.com/mattpocock/skills
    revision: c55ee46073ed923f86ce59a5eb3b6d895095d1b7
    subdirectory: skills/productivity/wait-what
    content_hash: 325896e9d10c59cad4d858f73f8c81f7ae016305cf168418ff41ecf7b0e4a2a6
    license:
      spdx: MIT
      file: LICENSE
      hash: 0e7ac423bf2c6e223b7c5b156f8cf72da49d748e56a1641402c31f22ad07dbb5
    audit:
      status: approved
      date: '2026-09-20'
      tool: agents/skills/skills-store/scripts/audit-skill.sh
      evidence: https://github.com/mattpocock/skills/commit/c55ee46073ed923f86ce59a5eb3b6d895095d1b7
  - id: wayfinder
    source: https://github.com/mattpocock/skills
    revision: c55ee46073ed923f86ce59a5eb3b6d895095d1b7
    subdirectory: skills/engineering/wayfinder
    content_hash: fe62f47339d643d28d58cef55d12e62a6479dc748b714e9dde4f70820c98df4c
    license:
      spdx: MIT
      file: LICENSE
      hash: 0e7ac423bf2c6e223b7c5b156f8cf72da49d748e56a1641402c31f22ad07dbb5
    audit:
      status: approved
      date: '2026-09-20'
      tool: agents/skills/skills-store/scripts/audit-skill.sh
      evidence: https://github.com/mattpocock/skills/commit/c55ee46073ed923f86ce59a5eb3b6d895095d1b7
  - id: wizard
    source: https://github.com/mattpocock/skills
    revision: c55ee46073ed923f86ce59a5eb3b6d895095d1b7
    subdirectory: skills/engineering/wizard
    content_hash: 519dd4516185a5046baa21028eae28d29b0c67a77ac3e3c26d687c00b5cfa3db
    license:
      spdx: MIT
      file: LICENSE
      hash: 0e7ac423bf2c6e223b7c5b156f8cf72da49d748e56a1641402c31f22ad07dbb5
    audit:
      status: approved
      date: '2026-09-20'
      tool: agents/skills/skills-store/scripts/audit-skill.sh
      evidence: https://github.com/mattpocock/skills/commit/c55ee46073ed923f86ce59a5eb3b6d895095d1b7
  - id: writing-for-agents
    source: https://github.com/mattpocock/skills
    revision: c55ee46073ed923f86ce59a5eb3b6d895095d1b7
    subdirectory: skills/productivity/writing-for-agents
    content_hash: 882629766494790a0088797e59751bf9ae91d0dc82be5edc112f53052ca6a05c
    license:
      spdx: MIT
      file: LICENSE
      hash: 0e7ac423bf2c6e223b7c5b156f8cf72da49d748e56a1641402c31f22ad07dbb5
    audit:
      status: approved
      date: '2026-09-20'
      tool: agents/skills/skills-store/scripts/audit-skill.sh
      evidence: https://github.com/mattpocock/skills/commit/c55ee46073ed923f86ce59a5eb3b6d895095d1b7
  - id: ui-template-design
    source: https://github.com/sunzhenkai/ui-templates-skill
    revision: 5fe5adaffd8917c46a7214968ffc3fac8dac30f8
    subdirectory: skills/ui-template-design
    content_hash: 2d11f5f10b214e1efbbd9e8f31425ecc3389b059656914a52d21c548a635cc11
    license:
      spdx: MIT
      file: LICENSE
      hash: ded16afe54acf09ce96aaa211dc49f912a5d826a97edab6c83830ce5d9940c0e
    audit:
      status: approved
      date: '2026-09-21'
      tool: agents/skills/skills-store/scripts/audit-skill.sh
      evidence: https://github.com/sunzhenkai/ui-templates-skill/commit/5fe5adaffd8917c46a7214968ffc3fac8dac30f8
  - id: ui-skills-root
    source: https://github.com/ibelick/ui-skills
    revision: fd0889bdf72aee45c32028b4643b09735d5b5a34
    subdirectory: skills/ui-skills-root
    content_hash: 61016c98036a78ba25ca4788390f47a0c0a06386763fe0c773713336f4d8cb0c
    license:
      spdx: MIT
      file: LICENSE
      hash: c615621c4cc1676ccde194e7a01b6469ba477780251bd71e007fc473a49c2c2b
    audit:
      status: approved
      date: '2026-09-23'
      tool: agents/skills/skills-store/scripts/audit-skill.sh
      evidence: https://github.com/ibelick/ui-skills/commit/fd0889bdf72aee45c32028b4643b09735d5b5a34
