# Strict third-party skills lock. Do not add an entry without externally
# verifiable license and audit evidence for the exact immutable revision/hash.
schema_version: 1
kind: third-party-skills-lock
skills:
  - id: agent-roster
    source: https://github.com/sunzhenkai/solo-skills
    revision: 41b98375846199d45390bd92fbc3138d26d5ed62
    subdirectory: skills/agent-roster
    content_hash: 48bcef5e2051b23ed45bad30747f649a441eca5f03e7ec9b149aac9da0afff01
    license:
      spdx: MIT
      file: LICENSE
      hash: ded16afe54acf09ce96aaa211dc49f912a5d826a97edab6c83830ce5d9940c0e
    audit:
      status: approved
      date: '2026-09-29'
      tool: skills/skills-store/scripts/audit-skill.sh (source checkout)
      evidence: https://github.com/sunzhenkai/solo-skills/commit/41b98375846199d45390bd92fbc3138d26d5ed62
  - id: agent-roster-flow
    source: https://github.com/sunzhenkai/solo-skills
    revision: 41b98375846199d45390bd92fbc3138d26d5ed62
    subdirectory: skills/agent-roster-flow
    content_hash: 755add541b14e35cc2a862409422505b7d1b9b3c72e20800c8b7352e80961e12
    license:
      spdx: MIT
      file: LICENSE
      hash: ded16afe54acf09ce96aaa211dc49f912a5d826a97edab6c83830ce5d9940c0e
    audit:
      status: approved
      date: '2026-09-29'
      tool: skills/skills-store/scripts/audit-skill.sh (source checkout)
      evidence: https://github.com/sunzhenkai/solo-skills/commit/41b98375846199d45390bd92fbc3138d26d5ed62
  - id: code-explore
    source: https://github.com/sunzhenkai/solo-skills
    revision: 41b98375846199d45390bd92fbc3138d26d5ed62
    subdirectory: skills/code-explore
    content_hash: 57674fe96bf53905f42b844a0546fde741e1f37ae8d51db68c791473d463afe9
    license:
      spdx: MIT
      file: LICENSE
      hash: ded16afe54acf09ce96aaa211dc49f912a5d826a97edab6c83830ce5d9940c0e
    audit:
      status: approved
      date: '2026-09-29'
      tool: skills/skills-store/scripts/audit-skill.sh (source checkout)
      evidence: https://github.com/sunzhenkai/solo-skills/commit/41b98375846199d45390bd92fbc3138d26d5ed62
  - id: commit-push
    source: https://github.com/sunzhenkai/solo-skills
    revision: 41b98375846199d45390bd92fbc3138d26d5ed62
    subdirectory: skills/commit-push
    content_hash: b6f16aa5c624cb5c1bf39db29d5151bcad9be2eee643cd87895d328a11f0b35a
    license:
      spdx: MIT
      file: LICENSE
      hash: ded16afe54acf09ce96aaa211dc49f912a5d826a97edab6c83830ce5d9940c0e
    audit:
      status: approved
      date: '2026-09-29'
      tool: skills/skills-store/scripts/audit-skill.sh (source checkout)
      evidence: https://github.com/sunzhenkai/solo-skills/commit/41b98375846199d45390bd92fbc3138d26d5ed62
  - id: delivery-loop
    source: https://github.com/sunzhenkai/solo-skills
    revision: 41b98375846199d45390bd92fbc3138d26d5ed62
    subdirectory: skills/delivery-loop
    content_hash: 7e9a8a81c196ad5cb8294864b142cbfc0414ea8f3458cfbc73b9238161c402fe
    license:
      spdx: MIT
      file: LICENSE
      hash: ded16afe54acf09ce96aaa211dc49f912a5d826a97edab6c83830ce5d9940c0e
    audit:
      status: approved
      date: '2026-09-29'
      tool: skills/skills-store/scripts/audit-skill.sh (source checkout)
      evidence: https://github.com/sunzhenkai/solo-skills/commit/41b98375846199d45390bd92fbc3138d26d5ed62
  - id: lark-cli
    source: https://github.com/sunzhenkai/solo-skills
    revision: 41b98375846199d45390bd92fbc3138d26d5ed62
    subdirectory: skills/lark-cli
    content_hash: 6d19efd78eeb8da442ff05c452f0d34682bfab34f4232c0357b604cf2622a199
    license:
      spdx: MIT
      file: LICENSE
      hash: ded16afe54acf09ce96aaa211dc49f912a5d826a97edab6c83830ce5d9940c0e
    audit:
      status: approved
      date: '2026-09-29'
      tool: skills/skills-store/scripts/audit-skill.sh (source checkout)
      evidence: https://github.com/sunzhenkai/solo-skills/commit/41b98375846199d45390bd92fbc3138d26d5ed62
  - id: llm-wiki
    source: https://github.com/sunzhenkai/solo-skills
    revision: 41b98375846199d45390bd92fbc3138d26d5ed62
    subdirectory: skills/llm-wiki
    content_hash: 621bf3a3a7f0d13dbe7a2c67bdab6e98d1f0989727e6dfc66802f2390b2e4209
    license:
      spdx: MIT
      file: LICENSE
      hash: ded16afe54acf09ce96aaa211dc49f912a5d826a97edab6c83830ce5d9940c0e
    audit:
      status: approved
      date: '2026-09-29'
      tool: skills/skills-store/scripts/audit-skill.sh (source checkout)
      evidence: https://github.com/sunzhenkai/solo-skills/commit/41b98375846199d45390bd92fbc3138d26d5ed62
  - id: pretty-view-html
    source: https://github.com/sunzhenkai/solo-skills
    revision: 41b98375846199d45390bd92fbc3138d26d5ed62
    subdirectory: skills/pretty-view-html
    content_hash: 148a22aa25a343719cc048aa2ac71ab56f9006e4da063b35b1134498e3424aec
    license:
      spdx: MIT
      file: LICENSE
      hash: ded16afe54acf09ce96aaa211dc49f912a5d826a97edab6c83830ce5d9940c0e
    audit:
      status: approved
      date: '2026-09-29'
      tool: skills/skills-store/scripts/audit-skill.sh (source checkout)
      evidence: https://github.com/sunzhenkai/solo-skills/commit/41b98375846199d45390bd92fbc3138d26d5ed62
  - id: project-init
    source: https://github.com/sunzhenkai/solo-skills
    revision: 41b98375846199d45390bd92fbc3138d26d5ed62
    subdirectory: skills/project-init
    content_hash: e2a2e608ed4fcd921cc578171c4ef238aa4412c892ecbea861e9c79df8198ddb
    license:
      spdx: MIT
      file: LICENSE
      hash: ded16afe54acf09ce96aaa211dc49f912a5d826a97edab6c83830ce5d9940c0e
    audit:
      status: approved
      date: '2026-09-29'
      tool: skills/skills-store/scripts/audit-skill.sh (source checkout)
      evidence: https://github.com/sunzhenkai/solo-skills/commit/41b98375846199d45390bd92fbc3138d26d5ed62
  - id: project-spec-mirror
    source: https://github.com/sunzhenkai/solo-skills
    revision: 41b98375846199d45390bd92fbc3138d26d5ed62
    subdirectory: skills/project-spec-mirror
    content_hash: cc26545e8b2585559c94a6b018af5fe1009b755fb08e2e8105686f7debb1d04d
    license:
      spdx: MIT
      file: LICENSE
      hash: ded16afe54acf09ce96aaa211dc49f912a5d826a97edab6c83830ce5d9940c0e
    audit:
      status: approved
      date: '2026-09-29'
      tool: skills/skills-store/scripts/audit-skill.sh (source checkout)
      evidence: https://github.com/sunzhenkai/solo-skills/commit/41b98375846199d45390bd92fbc3138d26d5ed62
  - id: repo-manager
    source: https://github.com/sunzhenkai/solo-skills
    revision: 41b98375846199d45390bd92fbc3138d26d5ed62
    subdirectory: skills/repo-manager
    content_hash: 032ab14b232ee055c971837896c8f92e1345d10539c7039a1a6e14ce3683bd7e
    license:
      spdx: MIT
      file: LICENSE
      hash: ded16afe54acf09ce96aaa211dc49f912a5d826a97edab6c83830ce5d9940c0e
    audit:
      status: approved
      date: '2026-09-29'
      tool: skills/skills-store/scripts/audit-skill.sh (source checkout)
      evidence: https://github.com/sunzhenkai/solo-skills/commit/41b98375846199d45390bd92fbc3138d26d5ed62
  - id: role-based-reviewer
    source: https://github.com/sunzhenkai/solo-skills
    revision: 41b98375846199d45390bd92fbc3138d26d5ed62
    subdirectory: skills/role-based-reviewer
    content_hash: 7251bae829605e51438a5c0f5a4fda4d3298e9bcab4c94f5f7c1066351434d79
    license:
      spdx: MIT
      file: LICENSE
      hash: ded16afe54acf09ce96aaa211dc49f912a5d826a97edab6c83830ce5d9940c0e
    audit:
      status: approved
      date: '2026-09-29'
      tool: skills/skills-store/scripts/audit-skill.sh (source checkout)
      evidence: https://github.com/sunzhenkai/solo-skills/commit/41b98375846199d45390bd92fbc3138d26d5ed62
  - id: role-chat
    source: https://github.com/sunzhenkai/solo-skills
    revision: 41b98375846199d45390bd92fbc3138d26d5ed62
    subdirectory: skills/role-chat
    content_hash: 576c776681fdb6f3f40b6035daaa45c4387df887752aaa8af2606640b734aa7d
    license:
      spdx: MIT
      file: LICENSE
      hash: ded16afe54acf09ce96aaa211dc49f912a5d826a97edab6c83830ce5d9940c0e
    audit:
      status: approved
      date: '2026-09-29'
      tool: skills/skills-store/scripts/audit-skill.sh (source checkout)
      evidence: https://github.com/sunzhenkai/solo-skills/commit/41b98375846199d45390bd92fbc3138d26d5ed62
  - id: service-manager
    source: https://github.com/sunzhenkai/solo-skills
    revision: 41b98375846199d45390bd92fbc3138d26d5ed62
    subdirectory: skills/service-manager
    content_hash: 029d3c7c8a514b7e38eaa0efe7b0473e777c7bee14fd1a8e9abc1734f0460d91
    license:
      spdx: MIT
      file: LICENSE
      hash: ded16afe54acf09ce96aaa211dc49f912a5d826a97edab6c83830ce5d9940c0e
    audit:
      status: approved
      date: '2026-09-29'
      tool: skills/skills-store/scripts/audit-skill.sh (source checkout)
      evidence: https://github.com/sunzhenkai/solo-skills/commit/41b98375846199d45390bd92fbc3138d26d5ed62
  - id: skill-evolver
    source: https://github.com/sunzhenkai/solo-skills
    revision: 41b98375846199d45390bd92fbc3138d26d5ed62
    subdirectory: skills/skill-evolver
    content_hash: cb245b8facd2c9018b61450de8198ed6d274b36f12a3548cfffdfee5c843137e
    license:
      spdx: MIT
      file: LICENSE
      hash: ded16afe54acf09ce96aaa211dc49f912a5d826a97edab6c83830ce5d9940c0e
    audit:
      status: approved
      date: '2026-09-29'
      tool: skills/skills-store/scripts/audit-skill.sh (source checkout)
      evidence: https://github.com/sunzhenkai/solo-skills/commit/41b98375846199d45390bd92fbc3138d26d5ed62
  - id: skill-upgrader
    source: https://github.com/sunzhenkai/solo-skills
    revision: 41b98375846199d45390bd92fbc3138d26d5ed62
    subdirectory: skills/skill-upgrader
    content_hash: b8213c580aaa16475ff0eb248187cd111f2c279f12ee0beae1c487310da5805c
    license:
      spdx: MIT
      file: LICENSE
      hash: ded16afe54acf09ce96aaa211dc49f912a5d826a97edab6c83830ce5d9940c0e
    audit:
      status: approved
      date: '2026-09-29'
      tool: skills/skills-store/scripts/audit-skill.sh (source checkout)
      evidence: https://github.com/sunzhenkai/solo-skills/commit/41b98375846199d45390bd92fbc3138d26d5ed62
  - id: skills-store
    source: https://github.com/sunzhenkai/solo-skills
    revision: 41b98375846199d45390bd92fbc3138d26d5ed62
    subdirectory: skills/skills-store
    content_hash: 6cd8716b4295b4e19ed8d6d2a8b20e298457fb1aa463f08729227bd738b7285b
    license:
      spdx: MIT
      file: LICENSE
      hash: ded16afe54acf09ce96aaa211dc49f912a5d826a97edab6c83830ce5d9940c0e
    audit:
      status: approved
      date: '2026-09-29'
      tool: skills/skills-store/scripts/audit-skill.sh (source checkout)
      evidence: https://github.com/sunzhenkai/solo-skills/commit/41b98375846199d45390bd92fbc3138d26d5ed62
  - id: solo-code-review
    source: https://github.com/sunzhenkai/solo-skills
    revision: 41b98375846199d45390bd92fbc3138d26d5ed62
    subdirectory: skills/solo-code-review
    content_hash: e0dd191be09fe4d39ac62483fc3fd8b4283795b7687e9e59f281816dca28a5c0
    license:
      spdx: MIT
      file: LICENSE
      hash: ded16afe54acf09ce96aaa211dc49f912a5d826a97edab6c83830ce5d9940c0e
    audit:
      status: approved
      date: '2026-09-29'
      tool: skills/skills-store/scripts/audit-skill.sh (source checkout)
      evidence: https://github.com/sunzhenkai/solo-skills/commit/41b98375846199d45390bd92fbc3138d26d5ed62
  - id: task-explore
    source: https://github.com/sunzhenkai/solo-skills
    revision: 41b98375846199d45390bd92fbc3138d26d5ed62
    subdirectory: skills/task-explore
    content_hash: fa86bea01d27a28b70e937ad8005b8e32b58a15e34fe9d2ebd4e938f464085b6
    license:
      spdx: MIT
      file: LICENSE
      hash: ded16afe54acf09ce96aaa211dc49f912a5d826a97edab6c83830ce5d9940c0e
    audit:
      status: approved
      date: '2026-09-29'
      tool: skills/skills-store/scripts/audit-skill.sh (source checkout)
      evidence: https://github.com/sunzhenkai/solo-skills/commit/41b98375846199d45390bd92fbc3138d26d5ed62
  - id: taskflow
    source: https://github.com/sunzhenkai/solo-skills
    revision: 41b98375846199d45390bd92fbc3138d26d5ed62
    subdirectory: skills/taskflow
    content_hash: 3020c494f4299b36e3523be32a8f7d51738e432296b1dc4efc50ddde857e4eb3
    license:
      spdx: MIT
      file: LICENSE
      hash: ded16afe54acf09ce96aaa211dc49f912a5d826a97edab6c83830ce5d9940c0e
    audit:
      status: approved
      date: '2026-09-29'
      tool: skills/skills-store/scripts/audit-skill.sh (source checkout)
      evidence: https://github.com/sunzhenkai/solo-skills/commit/41b98375846199d45390bd92fbc3138d26d5ed62
  - id: task-wizard
    source: https://github.com/sunzhenkai/solo-skills
    revision: 41b98375846199d45390bd92fbc3138d26d5ed62
    subdirectory: skills/task-wizard
    content_hash: dd9283bf1b0e777adbca3ffddd0d4b2444d52ca924dc2ebffb05b0aabbe9c1a6
    license:
      spdx: MIT
      file: LICENSE
      hash: ded16afe54acf09ce96aaa211dc49f912a5d826a97edab6c83830ce5d9940c0e
    audit:
      status: approved
      date: '2026-09-29'
      tool: skills/skills-store/scripts/audit-skill.sh (source checkout)
      evidence: https://github.com/sunzhenkai/solo-skills/commit/41b98375846199d45390bd92fbc3138d26d5ed62
  - id: trouble-grill
    source: https://github.com/sunzhenkai/solo-skills
    revision: 41b98375846199d45390bd92fbc3138d26d5ed62
    subdirectory: skills/trouble-grill
    content_hash: f8ec9bbd80dbe1feabd250272b9272ff06ca7acc03dcb0b0f980333e60ce20e1
    license:
      spdx: MIT
      file: LICENSE
      hash: ded16afe54acf09ce96aaa211dc49f912a5d826a97edab6c83830ce5d9940c0e
    audit:
      status: approved
      date: '2026-09-29'
      tool: skills/skills-store/scripts/audit-skill.sh (source checkout)
      evidence: https://github.com/sunzhenkai/solo-skills/commit/41b98375846199d45390bd92fbc3138d26d5ed62
  - id: archify
    source: https://github.com/tt-a1i/archify
    revision: 69cf672087289033af5138648d3875d3d73fc431
    subdirectory: archify
    content_hash: 60160b36293e128aa8603934abc0f01d92f46ae00222f207c7eb2b4fef042db0
    license:
      spdx: MIT
      file: LICENSE
      hash: b799ab081703e7821ae5096d2c1abdf14bbdc75e8ea1c4045998c36ed6db9706
    audit:
      status: approved
      date: '2026-09-29'
      tool: ~/.agents/skills/skills-store/scripts/audit-skill.sh
      evidence: https://github.com/tt-a1i/archify/commit/69cf672087289033af5138648d3875d3d73fc431
  - id: code-review
    source: https://github.com/mattpocock/skills
    revision: c55ee46073ed923f86ce59a5eb3b6d895095d1b7
    subdirectory: skills/engineering/code-review
    content_hash: c7523926ab1b320d3815bee4d7e31d3a4b7e93ea7712a6f786635b40f8dfef61
    license:
      spdx: MIT
      file: LICENSE
      hash: 0e7ac423bf2c6e223b7c5b156f8cf72da49d748e56a1641402c31f22ad07dbb5
    audit:
      status: approved
      date: '2026-09-20'
      tool: agents/skills/skills-store/scripts/audit-skill.sh
      evidence: https://github.com/mattpocock/skills/commit/c55ee46073ed923f86ce59a5eb3b6d895095d1b7
  - id: codebase-design
    source: https://github.com/mattpocock/skills
    revision: c55ee46073ed923f86ce59a5eb3b6d895095d1b7
    subdirectory: skills/engineering/codebase-design
    content_hash: c6ea288747dc1e127a029e885cdcb6cf87730783c9dae41b8d0d382f4b2fc62a
    license:
      spdx: MIT
      file: LICENSE
      hash: 0e7ac423bf2c6e223b7c5b156f8cf72da49d748e56a1641402c31f22ad07dbb5
    audit:
      status: approved
      date: '2026-09-20'
      tool: agents/skills/skills-store/scripts/audit-skill.sh
      evidence: https://github.com/mattpocock/skills/commit/c55ee46073ed923f86ce59a5eb3b6d895095d1b7
  - id: diagnosing-bugs
    source: https://github.com/mattpocock/skills
    revision: c55ee46073ed923f86ce59a5eb3b6d895095d1b7
    subdirectory: skills/engineering/diagnosing-bugs
    content_hash: 88f1f1f73ff6d4d9b314c63b24db5e64159617f02c9b49dabfe7dbf3b0393914
    license:
      spdx: MIT
      file: LICENSE
      hash: 0e7ac423bf2c6e223b7c5b156f8cf72da49d748e56a1641402c31f22ad07dbb5
    audit:
      status: approved
      date: '2026-09-20'
      tool: agents/skills/skills-store/scripts/audit-skill.sh
      evidence: https://github.com/mattpocock/skills/commit/c55ee46073ed923f86ce59a5eb3b6d895095d1b7
  - id: domain-modeling
    source: https://github.com/mattpocock/skills
    revision: c55ee46073ed923f86ce59a5eb3b6d895095d1b7
    subdirectory: skills/engineering/domain-modeling
    content_hash: 449a3f7d0695c1396a5e3d78c50d03c7dd7e1586ceb759d5acc8d6f6b8c3d32d
    license:
      spdx: MIT
      file: LICENSE
      hash: 0e7ac423bf2c6e223b7c5b156f8cf72da49d748e56a1641402c31f22ad07dbb5
    audit:
      status: approved
      date: '2026-09-20'
      tool: agents/skills/skills-store/scripts/audit-skill.sh
      evidence: https://github.com/mattpocock/skills/commit/c55ee46073ed923f86ce59a5eb3b6d895095d1b7
  - id: frontend-slides
    source: https://github.com/zarazhangrui/frontend-slides
    revision: 9906a34d640d2111f724544cbc50f7f130569ae1
    subdirectory: plugins/frontend-slides/skills/frontend-slides
    content_hash: d883c9a76d34ba943acccc2a28eb53c912d9558aac52f637886e402354936630
    license:
      spdx: MIT
      file: LICENSE
      hash: 62928eb197fe4662d1efc3af0735b3ba5df3c0308badd9a2baf2b619009f5366
    audit:
      status: approved
      date: '2026-09-18'
      tool: agents/skills/skills-store/scripts/audit-skill.sh
      evidence: https://github.com/zarazhangrui/frontend-slides/commit/9906a34d640d2111f724544cbc50f7f130569ae1
  - id: grill-with-docs
    source: https://github.com/mattpocock/skills
    revision: c55ee46073ed923f86ce59a5eb3b6d895095d1b7
    subdirectory: skills/engineering/grill-with-docs
    content_hash: 2842b0f4d49e3cf459695fcc6edb53f6e5b4b0684294549c795a22d595ab3c28
    license:
      spdx: MIT
      file: LICENSE
      hash: 0e7ac423bf2c6e223b7c5b156f8cf72da49d748e56a1641402c31f22ad07dbb5
    audit:
      status: approved
      date: '2026-09-20'
      tool: agents/skills/skills-store/scripts/audit-skill.sh
      evidence: https://github.com/mattpocock/skills/commit/c55ee46073ed923f86ce59a5eb3b6d895095d1b7
  - id: grilling
    source: https://github.com/mattpocock/skills
    revision: c55ee46073ed923f86ce59a5eb3b6d895095d1b7
    subdirectory: skills/productivity/grilling
    content_hash: 51d13d5ecbc3e368eb6f0b1a81c169242671c50352425a740c863ac97473d0e2
    license:
      spdx: MIT
      file: LICENSE
      hash: 0e7ac423bf2c6e223b7c5b156f8cf72da49d748e56a1641402c31f22ad07dbb5
    audit:
      status: approved
      date: '2026-09-20'
      tool: agents/skills/skills-store/scripts/audit-skill.sh
      evidence: https://github.com/mattpocock/skills/commit/c55ee46073ed923f86ce59a5eb3b6d895095d1b7
  - id: implement
    source: https://github.com/mattpocock/skills
    revision: c55ee46073ed923f86ce59a5eb3b6d895095d1b7
    subdirectory: skills/engineering/implement
    content_hash: 80f5699354ad9f1379af4499681e7b4ba6e43e4320e98192fb0a5c201367a8a6
    license:
      spdx: MIT
      file: LICENSE
      hash: 0e7ac423bf2c6e223b7c5b156f8cf72da49d748e56a1641402c31f22ad07dbb5
    audit:
      status: approved
      date: '2026-09-20'
      tool: agents/skills/skills-store/scripts/audit-skill.sh
      evidence: https://github.com/mattpocock/skills/commit/c55ee46073ed923f86ce59a5eb3b6d895095d1b7
  - id: research
    source: https://github.com/mattpocock/skills
    revision: c55ee46073ed923f86ce59a5eb3b6d895095d1b7
    subdirectory: skills/engineering/research
    content_hash: 6c7a5e295a901fa6fa46096962530b652d836a34a8ae5cba1de041326ce41d03
    license:
      spdx: MIT
      file: LICENSE
      hash: 0e7ac423bf2c6e223b7c5b156f8cf72da49d748e56a1641402c31f22ad07dbb5
    audit:
      status: approved
      date: '2026-09-20'
      tool: agents/skills/skills-store/scripts/audit-skill.sh
      evidence: https://github.com/mattpocock/skills/commit/c55ee46073ed923f86ce59a5eb3b6d895095d1b7
  - id: senv-cli
    source: https://github.com/solo-kingdom/senv
    revision: a48fc3f6a53081111d5ce5c7c574d245312f7f47
    subdirectory: .agents/skills/senv-cli
    content_hash: d4bdc053f45193b9fde3488c89421681a3c840edcf9e112df711513616e07c9c
    license:
      spdx: MIT
      file: LICENSE
      hash: ded16afe54acf09ce96aaa211dc49f912a5d826a97edab6c83830ce5d9940c0e
    audit:
      status: approved
      date: '2026-09-28'
      tool: agents/skills/skills-store/scripts/audit-skill.sh
      evidence: https://github.com/solo-kingdom/senv/commit/a48fc3f6a53081111d5ce5c7c574d245312f7f47
  - id: setup-matt-pocock-skills
    source: https://github.com/mattpocock/skills
    revision: c55ee46073ed923f86ce59a5eb3b6d895095d1b7
    subdirectory: skills/engineering/setup-matt-pocock-skills
    content_hash: 81c93b3066208f028337ce5c0861f8ad9564175d39134760c6ed1850a7e87096
    license:
      spdx: MIT
      file: LICENSE
      hash: 0e7ac423bf2c6e223b7c5b156f8cf72da49d748e56a1641402c31f22ad07dbb5
    audit:
      status: approved
      date: '2026-09-20'
      tool: agents/skills/skills-store/scripts/audit-skill.sh
      evidence: https://github.com/mattpocock/skills/commit/c55ee46073ed923f86ce59a5eb3b6d895095d1b7
  - id: show-me
    source: https://github.com/humanlayer/skills
    revision: ca7c8088db69e315a8b2deea43820270457f8f3c
    subdirectory: plugins/show-me/skills/show-me
    content_hash: 3dd60ed962365f1f6b9f84fddd00957c1d89cb0359aaf29eff83c29c556aa49c
    license:
      spdx: MIT
      file: LICENSE
      hash: 5f13c18ea00ea5c1384f41745feeca774079164f7f59a92e4ac0899ad217b26f
    audit:
      status: approved
      date: '2026-09-23'
      tool: agents/skills/skills-store/scripts/audit-skill.sh
      evidence: https://github.com/humanlayer/skills/commit/ca7c8088db69e315a8b2deea43820270457f8f3c
  - id: taste-skill
    source: https://github.com/Leonxlnx/taste-skill
    revision: ce26fc25c0e5e8cab638f883de62d9a86ee5e45b
    subdirectory: skills/taste-skill
    content_hash: 7cd7bc7086b74e25028d0757cdc1bd1fe240bed6660549f5a517ad22016abef2
    license:
      spdx: MIT
      file: LICENSE
      hash: 4575a543ab88dad12ccea7d97e563d0bce5b448b06072e65d3264497dad326df
    audit:
      status: approved
      date: '2026-09-28'
      tool: agents/skills/skills-store/scripts/audit-skill.sh
      evidence: https://github.com/Leonxlnx/taste-skill/commit/ce26fc25c0e5e8cab638f883de62d9a86ee5e45b
  - id: tdd
    source: https://github.com/mattpocock/skills
    revision: c55ee46073ed923f86ce59a5eb3b6d895095d1b7
    subdirectory: skills/engineering/tdd
    content_hash: 33c4cb4907d61dc40fec09d43bced7751c0c57016e611ef737126b8a412c5a57
    license:
      spdx: MIT
      file: LICENSE
      hash: 0e7ac423bf2c6e223b7c5b156f8cf72da49d748e56a1641402c31f22ad07dbb5
    audit:
      status: approved
      date: '2026-09-20'
      tool: agents/skills/skills-store/scripts/audit-skill.sh
      evidence: https://github.com/mattpocock/skills/commit/c55ee46073ed923f86ce59a5eb3b6d895095d1b7
  - id: to-questionnaire
    source: https://github.com/mattpocock/skills
    revision: c55ee46073ed923f86ce59a5eb3b6d895095d1b7
    subdirectory: skills/productivity/to-questionnaire
    content_hash: 8daca48cb94a8a4b6b27e9dc67a60f3456d23992a730249e3304e598575a6e07
    license:
      spdx: MIT
      file: LICENSE
      hash: 0e7ac423bf2c6e223b7c5b156f8cf72da49d748e56a1641402c31f22ad07dbb5
    audit:
      status: approved
      date: '2026-09-20'
      tool: agents/skills/skills-store/scripts/audit-skill.sh
      evidence: https://github.com/mattpocock/skills/commit/c55ee46073ed923f86ce59a5eb3b6d895095d1b7
  - id: to-spec
    source: https://github.com/mattpocock/skills
    revision: c55ee46073ed923f86ce59a5eb3b6d895095d1b7
    subdirectory: skills/engineering/to-spec
    content_hash: a0b74dac7279f8ebc05c7fc9e828653dc68383e687052a8fcdc55b235b8e3b13
    license:
      spdx: MIT
      file: LICENSE
      hash: 0e7ac423bf2c6e223b7c5b156f8cf72da49d748e56a1641402c31f22ad07dbb5
    audit:
      status: approved
      date: '2026-09-20'
      tool: agents/skills/skills-store/scripts/audit-skill.sh
      evidence: https://github.com/mattpocock/skills/commit/c55ee46073ed923f86ce59a5eb3b6d895095d1b7
  - id: to-tickets
    source: https://github.com/mattpocock/skills
    revision: c55ee46073ed923f86ce59a5eb3b6d895095d1b7
    subdirectory: skills/engineering/to-tickets
    content_hash: c9e569b5804c7fb69fa8c331a09d46fb42bfa566b36753173af5742e69f3828c
    license:
      spdx: MIT
      file: LICENSE
      hash: 0e7ac423bf2c6e223b7c5b156f8cf72da49d748e56a1641402c31f22ad07dbb5
    audit:
      status: approved
      date: '2026-09-20'
      tool: agents/skills/skills-store/scripts/audit-skill.sh
      evidence: https://github.com/mattpocock/skills/commit/c55ee46073ed923f86ce59a5eb3b6d895095d1b7
  - id: ui-template-apply
    source: https://github.com/sunzhenkai/ui-templates-skill
    revision: 0d94a51f4f8e685ad45f3979a278a5130710424a
    subdirectory: skills/ui-template-apply
    content_hash: d49efefb865254e7a8d2fca80e24fe6fad495e2e7d0c70211366599118873e02
    license:
      spdx: MIT
      file: LICENSE
      hash: ded16afe54acf09ce96aaa211dc49f912a5d826a97edab6c83830ce5d9940c0e
    audit:
      status: approved
      date: '2026-09-29'
      tool: ~/.agents/skills/skills-store/scripts/audit-skill.sh
      evidence: https://github.com/sunzhenkai/ui-templates-skill/commit/0d94a51f4f8e685ad45f3979a278a5130710424a
  - id: ui-template-author
    source: https://github.com/sunzhenkai/ui-templates-skill
    revision: 0d94a51f4f8e685ad45f3979a278a5130710424a
    subdirectory: skills/ui-template-author
    content_hash: bbaf418b21ea8305cfb83b897a87763256edb62f2d3c8a861b5a86726cb7c334
    license:
      spdx: MIT
      file: LICENSE
      hash: ded16afe54acf09ce96aaa211dc49f912a5d826a97edab6c83830ce5d9940c0e
    audit:
      status: approved
      date: '2026-09-29'
      tool: ~/.agents/skills/skills-store/scripts/audit-skill.sh
      evidence: https://github.com/sunzhenkai/ui-templates-skill/commit/0d94a51f4f8e685ad45f3979a278a5130710424a
  - id: wait-what
    source: https://github.com/mattpocock/skills
    revision: c55ee46073ed923f86ce59a5eb3b6d895095d1b7
    subdirectory: skills/productivity/wait-what
    content_hash: 325896e9d10c59cad4d858f73f8c81f7ae016305cf168418ff41ecf7b0e4a2a6
    license:
      spdx: MIT
      file: LICENSE
      hash: 0e7ac423bf2c6e223b7c5b156f8cf72da49d748e56a1641402c31f22ad07dbb5
    audit:
      status: approved
      date: '2026-09-20'
      tool: agents/skills/skills-store/scripts/audit-skill.sh
      evidence: https://github.com/mattpocock/skills/commit/c55ee46073ed923f86ce59a5eb3b6d895095d1b7
  - id: wayfinder
    source: https://github.com/mattpocock/skills
    revision: c55ee46073ed923f86ce59a5eb3b6d895095d1b7
    subdirectory: skills/engineering/wayfinder
    content_hash: fe62f47339d643d28d58cef55d12e62a6479dc748b714e9dde4f70820c98df4c
    license:
      spdx: MIT
      file: LICENSE
      hash: 0e7ac423bf2c6e223b7c5b156f8cf72da49d748e56a1641402c31f22ad07dbb5
    audit:
      status: approved
      date: '2026-09-20'
      tool: agents/skills/skills-store/scripts/audit-skill.sh
      evidence: https://github.com/mattpocock/skills/commit/c55ee46073ed923f86ce59a5eb3b6d895095d1b7
  - id: wizard
    source: https://github.com/mattpocock/skills
    revision: c55ee46073ed923f86ce59a5eb3b6d895095d1b7
    subdirectory: skills/engineering/wizard
    content_hash: 519dd4516185a5046baa21028eae28d29b0c67a77ac3e3c26d687c00b5cfa3db
    license:
      spdx: MIT
      file: LICENSE
      hash: 0e7ac423bf2c6e223b7c5b156f8cf72da49d748e56a1641402c31f22ad07dbb5
    audit:
      status: approved
      date: '2026-09-20'
      tool: agents/skills/skills-store/scripts/audit-skill.sh
      evidence: https://github.com/mattpocock/skills/commit/c55ee46073ed923f86ce59a5eb3b6d895095d1b7
  - id: writing-for-agents
    source: https://github.com/mattpocock/skills
    revision: c55ee46073ed923f86ce59a5eb3b6d895095d1b7
    subdirectory: skills/productivity/writing-for-agents
    content_hash: 882629766494790a0088797e59751bf9ae91d0dc82be5edc112f53052ca6a05c
    license:
      spdx: MIT
      file: LICENSE
      hash: 0e7ac423bf2c6e223b7c5b156f8cf72da49d748e56a1641402c31f22ad07dbb5
    audit:
      status: approved
      date: '2026-09-20'
      tool: agents/skills/skills-store/scripts/audit-skill.sh
      evidence: https://github.com/mattpocock/skills/commit/c55ee46073ed923f86ce59a5eb3b6d895095d1b7
  - id: ui-template-design
    source: https://github.com/sunzhenkai/ui-templates-skill
    revision: 0d94a51f4f8e685ad45f3979a278a5130710424a
    subdirectory: skills/ui-template-design
    content_hash: 31b3ab1b5095ca922dce20d02fc08451526ede8c98aef54ba334c6e15bf0ab7a
    license:
      spdx: MIT
      file: LICENSE
      hash: ded16afe54acf09ce96aaa211dc49f912a5d826a97edab6c83830ce5d9940c0e
    audit:
      status: approved
      date: '2026-09-29'
      tool: ~/.agents/skills/skills-store/scripts/audit-skill.sh
      evidence: https://github.com/sunzhenkai/ui-templates-skill/commit/0d94a51f4f8e685ad45f3979a278a5130710424a
  - id: ui-skills-root
    source: https://github.com/ibelick/ui-skills
    revision: dc7ab3209341b2075c495983899b11f6d204e41b
    subdirectory: skills/ui-skills-root
    content_hash: 61016c98036a78ba25ca4788390f47a0c0a06386763fe0c773713336f4d8cb0c
    license:
      spdx: MIT
      file: LICENSE
      hash: c615621c4cc1676ccde194e7a01b6469ba477780251bd71e007fc473a49c2c2b
    audit:
      status: approved
      date: '2026-09-29'
      tool: ~/.agents/skills/skills-store/scripts/audit-skill.sh
      evidence: https://github.com/ibelick/ui-skills/commit/dc7ab3209341b2075c495983899b11f6d204e41b
